{
  "version": "5",
  "specifiers": {
    "jsr:@std/assert@1": "1.0.16",
    "jsr:@std/internal@^1.0.12": "1.0.12",
    "npm:@types/node@*": "22.15.15",
    "npm:heap-js@^2.7.1": "2.7.1",
    "npm:yalps@~0.6.3": "0.6.3"
  },
  "jsr": {
    "@std/assert@1.0.16": {
      "integrity": "6a7272ed1eaa77defe76e5ff63ca705d9c495077e2d5fd0126d2b53fc5bd6532",
      "dependencies": [
        "jsr:@std/internal"
      ]
    },
    "@std/internal@1.0.12": {
      "integrity": "972a634fd5bc34b242024402972cd5143eac68d8dffaca5eaa4dba30ce17b027"
    }
  },
  "npm": {
    "@types/node@22.15.15": {
      "integrity": "sha512-R5muMcZob3/Jjchn5LcO8jdKwSCbzqmPB6ruBxMcf9kbxtniZHP327s6C37iOfuw8mbKK3cAQa7sEl7afLrQ8A==",
      "dependencies": [
        "undici-types"
      ]
    },
    "heap-js@2.7.1": {
      "integrity": "sha512-EQfezRg0NCZGNlhlDR3Evrw1FVL2G3LhU7EgPoxufQKruNBSYA8MiRPHeWbU+36o+Fhel0wMwM+sLEiBAlNLJA=="
    },
    "heap@0.2.7": {
      "integrity": "sha512-2bsegYkkHO+h/9MGbn6KWcE45cHZgPANo5LXF7EvWdT0yT2EguSVO1nDgU5c8+ZOPwp2vMNa7YFsJhVcDR9Sdg=="
    },
    "undici-types@6.21.0": {
      "integrity": "sha512-iwDZqg0QAGrg9Rav5H4n0M64c3mkR59cJ6wQp+7C4nI0gsmExaedaYLNO44eT4AtBBwjbTiGPMlt2Md0T9H9JQ=="
    },
    "yalps@0.6.3": {
      "integrity": "sha512-XS1Sb3uejyNMu/Bl+3ZdI4VZGJKT6JSoSDYcLFlapOUy0wJPN9h+XDXAY8xeFk0bQFdEMIOGNAN2/jht4XSJKA==",
      "dependencies": [
        "heap"
      ]
    }
  },
  "workspace": {
    "dependencies": [
      "jsr:@std/assert@1",
      "npm:heap-js@^2.7.1",
      "npm:yalps@~0.6.3"
    ]
  }
}
